
Microsoft Visual Studio Solution File, Format Version 12.00
# Visual Studio Version 17
VisualStudioVersion = 17.7.34202.233
MinimumVisualStudioVersion = 10.0.40219.1
Project("{9A19103F-16F7-4668-BE54-9A1E7A4F7556}") = "AiProStore.Domain", "src\AiProStore.Domain\AiProStore.Domain.csproj", "{554AD327-6DBA-4F8F-96F8-81CE7A0C863F}"
EndProject
Project("{9A19103F-16F7-4668-BE54-9A1E7A4F7556}") = "AiProStore.Application", "src\AiProStore.Application\AiProStore.Application.csproj", "{1A94A50E-06DC-43C1-80B5-B662820EC3EB}"
EndProject
Project("{9A19103F-16F7-4668-BE54-9A1E7A4F7556}") = "AiProStore.EntityFrameworkCore", "src\AiProStore.EntityFrameworkCore\AiProStore.EntityFrameworkCore.csproj", "{C956DD76-69C8-4A9C-83EA-D17DF83340FD}"
EndProject
Project("{2150E333-8FDC-42A3-9474-1A3956D46DE8}") = "src", "src", "{CA9AC87F-097E-4F15-8393-4BC07735A5B0}"
EndProject
Project("{2150E333-8FDC-42A3-9474-1A3956D46DE8}") = "test", "test", "{04DBDB01-70F4-4E06-B468-8F87850B22BE}"
EndProject
Project("{9A19103F-16F7-4668-BE54-9A1E7A4F7556}") = "AiProStore.Application.Tests", "test\AiProStore.Application.Tests\AiProStore.Application.Tests.csproj", "{50B2631D-129C-47B3-A587-029CCD6099BC}"
EndProject
Project("{9A19103F-16F7-4668-BE54-9A1E7A4F7556}") = "AiProStore.Domain.Shared", "src\AiProStore.Domain.Shared\AiProStore.Domain.Shared.csproj", "{42F719ED-8413-4895-B5B4-5AB56079BC66}"
EndProject
Project("{9A19103F-16F7-4668-BE54-9A1E7A4F7556}") = "AiProStore.Application.Contracts", "src\AiProStore.Application.Contracts\AiProStore.Application.Contracts.csproj", "{520659C8-C734-4298-A3DA-B539DB9DFC0B}"
EndProject
Project("{9A19103F-16F7-4668-BE54-9A1E7A4F7556}") = "AiProStore.HttpApi", "src\AiProStore.HttpApi\AiProStore.HttpApi.csproj", "{4164BDF7-F527-4E85-9CE6-E3C2D7426A27}"
EndProject
Project("{9A19103F-16F7-4668-BE54-9A1E7A4F7556}") = "AiProStore.HttpApi.Client", "src\AiProStore.HttpApi.Client\AiProStore.HttpApi.Client.csproj", "{3B5A0094-670D-4BB1-BFDD-61B88A8773DC}"
EndProject
Project("{9A19103F-16F7-4668-BE54-9A1E7A4F7556}") = "AiProStore.AuthServer", "src\AiProStore.AuthServer\AiProStore.AuthServer.csproj", "{073C361E-B8F4-49F5-93CC-72A3FF49C026}"
EndProject
Project("{9A19103F-16F7-4668-BE54-9A1E7A4F7556}") = "AiProStore.HttpApi.Host", "src\AiProStore.HttpApi.Host\AiProStore.HttpApi.Host.csproj", "{E6D5BF0E-DE92-4D82-A352-EF04B37CB11C}"
EndProject
Project("{9A19103F-16F7-4668-BE54-9A1E7A4F7556}") = "AiProStore.EntityFrameworkCore.Tests", "test\AiProStore.EntityFrameworkCore.Tests\AiProStore.EntityFrameworkCore.Tests.csproj", "{1FE30EB9-74A9-47F5-A9F6-7B1FAB672D81}"
EndProject
Project("{9A19103F-16F7-4668-BE54-9A1E7A4F7556}") = "AiProStore.TestBase", "test\AiProStore.TestBase\AiProStore.TestBase.csproj", "{91853F21-9CD9-4132-BC29-A7D5D84FFFE7}"
EndProject
Project("{9A19103F-16F7-4668-BE54-9A1E7A4F7556}") = "AiProStore.Domain.Tests", "test\AiProStore.Domain.Tests\AiProStore.Domain.Tests.csproj", "{E512F4D9-9375-480F-A2F6-A46509F9D824}"
EndProject
Project("{9A19103F-16F7-4668-BE54-9A1E7A4F7556}") = "AiProStore.HttpApi.Client.ConsoleTestApp", "test\AiProStore.HttpApi.Client.ConsoleTestApp\AiProStore.HttpApi.Client.ConsoleTestApp.csproj", "{EF480016-9127-4916-8735-D2466BDBC582}"
EndProject
Project("{9A19103F-16F7-4668-BE54-9A1E7A4F7556}") = "AiProStore.DbMigrator", "src\AiProStore.DbMigrator\AiProStore.DbMigrator.csproj", "{AA94D832-1CCC-4715-95A9-A483F23A1A5D}"
EndProject
Project("{2150E333-8FDC-42A3-9474-1A3956D46DE8}") = "Admin", "Admin", "{A303520A-1E2F-46B9-80D6-CE16123D03BA}"
EndProject
Project("{2150E333-8FDC-42A3-9474-1A3956D46DE8}") = "common", "common", "{F7429F75-9B17-477A-827B-B974CEF9CA8E}"
EndProject
Project("{2150E333-8FDC-42A3-9474-1A3956D46DE8}") = "domain", "domain", "{3410768B-815F-48C9-8893-6709596DCD0C}"
EndProject
Project("{2150E333-8FDC-42A3-9474-1A3956D46DE8}") = "infrastructure", "infrastructure", "{85ECFC83-2192-4695-A65B-9FB214DBAF8E}"
EndProject
Project("{2150E333-8FDC-42A3-9474-1A3956D46DE8}") = "public", "public", "{038B06B2-DEED-4A22-A903-2F818A0C6730}"
EndProject
Project("{2150E333-8FDC-42A3-9474-1A3956D46DE8}") = "identity", "identity", "{5F49F7BC-786F-4298-9B8E-A9CB53B452EE}"
EndProject
Project("{9A19103F-16F7-4668-BE54-9A1E7A4F7556}") = "AiProStore.Admin.Application", "src\AiProStore.Admin.Application\AiProStore.Admin.Application.csproj", "{4A28ABE2-1E9C-4D6B-916F-9400598605D5}"
EndProject
Project("{9A19103F-16F7-4668-BE54-9A1E7A4F7556}") = "AiProStore.Admin.Application.Contracts", "src\AiProStore.Admin.Application.Contracts\AiProStore.Admin.Application.Contracts.csproj", "{819967CD-A73F-4F0D-8CBA-4C7D97AF8200}"
EndProject
Project("{9A19103F-16F7-4668-BE54-9A1E7A4F7556}") = "AiProStore.Admin.HttpApi", "src\AiProStore.Admin.HttpApi\AiProStore.Admin.HttpApi.csproj", "{709AA6B1-D890-40A5-BC01-0B949D8D3ACD}"
EndProject
Project("{9A19103F-16F7-4668-BE54-9A1E7A4F7556}") = "AiProStore.Admin.HttpApi.Client", "src\AiProStore.Admin.HttpApi.Client\AiProStore.Admin.HttpApi.Client.csproj", "{BE99250C-632E-4A42-BE13-8AB5F7B14240}"
EndProject
Project("{9A19103F-16F7-4668-BE54-9A1E7A4F7556}") = "AiProStore.Admin.HttpApi.Host", "src\AiProStore.Admin.HttpApi.Host\AiProStore.Admin.HttpApi.Host.csproj", "{124B78E1-270A-402C-962F-39AB6E78E674}"
EndProject
Project("{2150E333-8FDC-42A3-9474-1A3956D46DE8}") = "public", "public", "{E7D437C3-5389-421F-91B8-1A3069CDC378}"
EndProject
Project("{2150E333-8FDC-42A3-9474-1A3956D46DE8}") = "admin", "admin", "{0A84AF98-D90B-4751-86C0-0A1380986955}"
EndProject
Project("{9A19103F-16F7-4668-BE54-9A1E7A4F7556}") = "AiProStore.Admin.Application.Tests", "test\AiProStore.Admin.Application.Tests\AiProStore.Admin.Application.Tests.csproj", "{49B6CFF2-EC27-4B67-9330-9A5DDD8B323D}"
EndProject
Project("{9A19103F-16F7-4668-BE54-9A1E7A4F7556}") = "AiProStore.Admin.HttpApi.Client.ConsoleTestApp", "test\AiProStore.Admin.HttpApi.Client.ConsoleTestApp\AiProStore.Admin.HttpApi.Client.ConsoleTestApp.csproj", "{CECDE9E6-DB77-4C77-AC3C-5FC32B183B62}"
EndProject
Project("{2150E333-8FDC-42A3-9474-1A3956D46DE8}") = "shared", "shared", "{7D822A18-B590-4A1F-B709-8B2E6AEB3542}"
EndProject
Global
	GlobalSection(SolutionConfigurationPlatforms) = preSolution
		Debug|Any CPU = Debug|Any CPU
		Release|Any CPU = Release|Any CPU
	EndGlobalSection
	GlobalSection(ProjectConfigurationPlatforms) = postSolution
		{554AD327-6DBA-4F8F-96F8-81CE7A0C863F}.Debug|Any CPU.ActiveCfg = Debug|Any CPU
		{554AD327-6DBA-4F8F-96F8-81CE7A0C863F}.Debug|Any CPU.Build.0 = Debug|Any CPU
		{554AD327-6DBA-4F8F-96F8-81CE7A0C863F}.Release|Any CPU.ActiveCfg = Release|Any CPU
		{554AD327-6DBA-4F8F-96F8-81CE7A0C863F}.Release|Any CPU.Build.0 = Release|Any CPU
		{1A94A50E-06DC-43C1-80B5-B662820EC3EB}.Debug|Any CPU.ActiveCfg = Debug|Any CPU
		{1A94A50E-06DC-43C1-80B5-B662820EC3EB}.Debug|Any CPU.Build.0 = Debug|Any CPU
		{1A94A50E-06DC-43C1-80B5-B662820EC3EB}.Release|Any CPU.ActiveCfg = Release|Any CPU
		{1A94A50E-06DC-43C1-80B5-B662820EC3EB}.Release|Any CPU.Build.0 = Release|Any CPU
		{C956DD76-69C8-4A9C-83EA-D17DF83340FD}.Debug|Any CPU.ActiveCfg = Debug|Any CPU
		{C956DD76-69C8-4A9C-83EA-D17DF83340FD}.Debug|Any CPU.Build.0 = Debug|Any CPU
		{C956DD76-69C8-4A9C-83EA-D17DF83340FD}.Release|Any CPU.ActiveCfg = Release|Any CPU
		{C956DD76-69C8-4A9C-83EA-D17DF83340FD}.Release|Any CPU.Build.0 = Release|Any CPU
		{50B2631D-129C-47B3-A587-029CCD6099BC}.Debug|Any CPU.ActiveCfg = Debug|Any CPU
		{50B2631D-129C-47B3-A587-029CCD6099BC}.Debug|Any CPU.Build.0 = Debug|Any CPU
		{50B2631D-129C-47B3-A587-029CCD6099BC}.Release|Any CPU.ActiveCfg = Release|Any CPU
		{50B2631D-129C-47B3-A587-029CCD6099BC}.Release|Any CPU.Build.0 = Release|Any CPU
		{42F719ED-8413-4895-B5B4-5AB56079BC66}.Debug|Any CPU.ActiveCfg = Debug|Any CPU
		{42F719ED-8413-4895-B5B4-5AB56079BC66}.Debug|Any CPU.Build.0 = Debug|Any CPU
		{42F719ED-8413-4895-B5B4-5AB56079BC66}.Release|Any CPU.ActiveCfg = Release|Any CPU
		{42F719ED-8413-4895-B5B4-5AB56079BC66}.Release|Any CPU.Build.0 = Release|Any CPU
		{520659C8-C734-4298-A3DA-B539DB9DFC0B}.Debug|Any CPU.ActiveCfg = Debug|Any CPU
		{520659C8-C734-4298-A3DA-B539DB9DFC0B}.Debug|Any CPU.Build.0 = Debug|Any CPU
		{520659C8-C734-4298-A3DA-B539DB9DFC0B}.Release|Any CPU.ActiveCfg = Release|Any CPU
		{520659C8-C734-4298-A3DA-B539DB9DFC0B}.Release|Any CPU.Build.0 = Release|Any CPU
		{4164BDF7-F527-4E85-9CE6-E3C2D7426A27}.Debug|Any CPU.ActiveCfg = Debug|Any CPU
		{4164BDF7-F527-4E85-9CE6-E3C2D7426A27}.Debug|Any CPU.Build.0 = Debug|Any CPU
		{4164BDF7-F527-4E85-9CE6-E3C2D7426A27}.Release|Any CPU.ActiveCfg = Release|Any CPU
		{4164BDF7-F527-4E85-9CE6-E3C2D7426A27}.Release|Any CPU.Build.0 = Release|Any CPU
		{3B5A0094-670D-4BB1-BFDD-61B88A8773DC}.Debug|Any CPU.ActiveCfg = Debug|Any CPU
		{3B5A0094-670D-4BB1-BFDD-61B88A8773DC}.Debug|Any CPU.Build.0 = Debug|Any CPU
		{3B5A0094-670D-4BB1-BFDD-61B88A8773DC}.Release|Any CPU.ActiveCfg = Release|Any CPU
		{3B5A0094-670D-4BB1-BFDD-61B88A8773DC}.Release|Any CPU.Build.0 = Release|Any CPU
		{073C361E-B8F4-49F5-93CC-72A3FF49C026}.Debug|Any CPU.ActiveCfg = Debug|Any CPU
		{073C361E-B8F4-49F5-93CC-72A3FF49C026}.Debug|Any CPU.Build.0 = Debug|Any CPU
		{073C361E-B8F4-49F5-93CC-72A3FF49C026}.Release|Any CPU.ActiveCfg = Release|Any CPU
		{073C361E-B8F4-49F5-93CC-72A3FF49C026}.Release|Any CPU.Build.0 = Release|Any CPU
		{E6D5BF0E-DE92-4D82-A352-EF04B37CB11C}.Debug|Any CPU.ActiveCfg = Debug|Any CPU
		{E6D5BF0E-DE92-4D82-A352-EF04B37CB11C}.Debug|Any CPU.Build.0 = Debug|Any CPU
		{E6D5BF0E-DE92-4D82-A352-EF04B37CB11C}.Release|Any CPU.ActiveCfg = Release|Any CPU
		{E6D5BF0E-DE92-4D82-A352-EF04B37CB11C}.Release|Any CPU.Build.0 = Release|Any CPU
		{1FE30EB9-74A9-47F5-A9F6-7B1FAB672D81}.Debug|Any CPU.ActiveCfg = Debug|Any CPU
		{1FE30EB9-74A9-47F5-A9F6-7B1FAB672D81}.Debug|Any CPU.Build.0 = Debug|Any CPU
		{1FE30EB9-74A9-47F5-A9F6-7B1FAB672D81}.Release|Any CPU.ActiveCfg = Release|Any CPU
		{1FE30EB9-74A9-47F5-A9F6-7B1FAB672D81}.Release|Any CPU.Build.0 = Release|Any CPU
		{91853F21-9CD9-4132-BC29-A7D5D84FFFE7}.Debug|Any CPU.ActiveCfg = Debug|Any CPU
		{91853F21-9CD9-4132-BC29-A7D5D84FFFE7}.Debug|Any CPU.Build.0 = Debug|Any CPU
		{91853F21-9CD9-4132-BC29-A7D5D84FFFE7}.Release|Any CPU.ActiveCfg = Release|Any CPU
		{91853F21-9CD9-4132-BC29-A7D5D84FFFE7}.Release|Any CPU.Build.0 = Release|Any CPU
		{E512F4D9-9375-480F-A2F6-A46509F9D824}.Debug|Any CPU.ActiveCfg = Debug|Any CPU
		{E512F4D9-9375-480F-A2F6-A46509F9D824}.Debug|Any CPU.Build.0 = Debug|Any CPU
		{E512F4D9-9375-480F-A2F6-A46509F9D824}.Release|Any CPU.ActiveCfg = Release|Any CPU
		{E512F4D9-9375-480F-A2F6-A46509F9D824}.Release|Any CPU.Build.0 = Release|Any CPU
		{EF480016-9127-4916-8735-D2466BDBC582}.Debug|Any CPU.ActiveCfg = Debug|Any CPU
		{EF480016-9127-4916-8735-D2466BDBC582}.Debug|Any CPU.Build.0 = Debug|Any CPU
		{EF480016-9127-4916-8735-D2466BDBC582}.Release|Any CPU.ActiveCfg = Release|Any CPU
		{EF480016-9127-4916-8735-D2466BDBC582}.Release|Any CPU.Build.0 = Release|Any CPU
		{AA94D832-1CCC-4715-95A9-A483F23A1A5D}.Debug|Any CPU.ActiveCfg = Debug|Any CPU
		{AA94D832-1CCC-4715-95A9-A483F23A1A5D}.Debug|Any CPU.Build.0 = Debug|Any CPU
		{AA94D832-1CCC-4715-95A9-A483F23A1A5D}.Release|Any CPU.ActiveCfg = Release|Any CPU
		{AA94D832-1CCC-4715-95A9-A483F23A1A5D}.Release|Any CPU.Build.0 = Release|Any CPU
		{4A28ABE2-1E9C-4D6B-916F-9400598605D5}.Debug|Any CPU.ActiveCfg = Debug|Any CPU
		{4A28ABE2-1E9C-4D6B-916F-9400598605D5}.Debug|Any CPU.Build.0 = Debug|Any CPU
		{4A28ABE2-1E9C-4D6B-916F-9400598605D5}.Release|Any CPU.ActiveCfg = Release|Any CPU
		{4A28ABE2-1E9C-4D6B-916F-9400598605D5}.Release|Any CPU.Build.0 = Release|Any CPU
		{819967CD-A73F-4F0D-8CBA-4C7D97AF8200}.Debug|Any CPU.ActiveCfg = Debug|Any CPU
		{819967CD-A73F-4F0D-8CBA-4C7D97AF8200}.Debug|Any CPU.Build.0 = Debug|Any CPU
		{819967CD-A73F-4F0D-8CBA-4C7D97AF8200}.Release|Any CPU.ActiveCfg = Release|Any CPU
		{819967CD-A73F-4F0D-8CBA-4C7D97AF8200}.Release|Any CPU.Build.0 = Release|Any CPU
		{709AA6B1-D890-40A5-BC01-0B949D8D3ACD}.Debug|Any CPU.ActiveCfg = Debug|Any CPU
		{709AA6B1-D890-40A5-BC01-0B949D8D3ACD}.Debug|Any CPU.Build.0 = Debug|Any CPU
		{709AA6B1-D890-40A5-BC01-0B949D8D3ACD}.Release|Any CPU.ActiveCfg = Release|Any CPU
		{709AA6B1-D890-40A5-BC01-0B949D8D3ACD}.Release|Any CPU.Build.0 = Release|Any CPU
		{BE99250C-632E-4A42-BE13-8AB5F7B14240}.Debug|Any CPU.ActiveCfg = Debug|Any CPU
		{BE99250C-632E-4A42-BE13-8AB5F7B14240}.Debug|Any CPU.Build.0 = Debug|Any CPU
		{BE99250C-632E-4A42-BE13-8AB5F7B14240}.Release|Any CPU.ActiveCfg = Release|Any CPU
		{BE99250C-632E-4A42-BE13-8AB5F7B14240}.Release|Any CPU.Build.0 = Release|Any CPU
		{124B78E1-270A-402C-962F-39AB6E78E674}.Debug|Any CPU.ActiveCfg = Debug|Any CPU
		{124B78E1-270A-402C-962F-39AB6E78E674}.Debug|Any CPU.Build.0 = Debug|Any CPU
		{124B78E1-270A-402C-962F-39AB6E78E674}.Release|Any CPU.ActiveCfg = Release|Any CPU
		{124B78E1-270A-402C-962F-39AB6E78E674}.Release|Any CPU.Build.0 = Release|Any CPU
		{49B6CFF2-EC27-4B67-9330-9A5DDD8B323D}.Debug|Any CPU.ActiveCfg = Debug|Any CPU
		{49B6CFF2-EC27-4B67-9330-9A5DDD8B323D}.Debug|Any CPU.Build.0 = Debug|Any CPU
		{49B6CFF2-EC27-4B67-9330-9A5DDD8B323D}.Release|Any CPU.ActiveCfg = Release|Any CPU
		{49B6CFF2-EC27-4B67-9330-9A5DDD8B323D}.Release|Any CPU.Build.0 = Release|Any CPU
		{CECDE9E6-DB77-4C77-AC3C-5FC32B183B62}.Debug|Any CPU.ActiveCfg = Debug|Any CPU
		{CECDE9E6-DB77-4C77-AC3C-5FC32B183B62}.Debug|Any CPU.Build.0 = Debug|Any CPU
		{CECDE9E6-DB77-4C77-AC3C-5FC32B183B62}.Release|Any CPU.ActiveCfg = Release|Any CPU
		{CECDE9E6-DB77-4C77-AC3C-5FC32B183B62}.Release|Any CPU.Build.0 = Release|Any CPU
	EndGlobalSection
	GlobalSection(SolutionProperties) = preSolution
		HideSolutionNode = FALSE
	EndGlobalSection
	GlobalSection(NestedProjects) = preSolution
		{554AD327-6DBA-4F8F-96F8-81CE7A0C863F} = {3410768B-815F-48C9-8893-6709596DCD0C}
		{1A94A50E-06DC-43C1-80B5-B662820EC3EB} = {038B06B2-DEED-4A22-A903-2F818A0C6730}
		{C956DD76-69C8-4A9C-83EA-D17DF83340FD} = {85ECFC83-2192-4695-A65B-9FB214DBAF8E}
		{50B2631D-129C-47B3-A587-029CCD6099BC} = {E7D437C3-5389-421F-91B8-1A3069CDC378}
		{42F719ED-8413-4895-B5B4-5AB56079BC66} = {3410768B-815F-48C9-8893-6709596DCD0C}
		{520659C8-C734-4298-A3DA-B539DB9DFC0B} = {038B06B2-DEED-4A22-A903-2F818A0C6730}
		{4164BDF7-F527-4E85-9CE6-E3C2D7426A27} = {038B06B2-DEED-4A22-A903-2F818A0C6730}
		{3B5A0094-670D-4BB1-BFDD-61B88A8773DC} = {038B06B2-DEED-4A22-A903-2F818A0C6730}
		{073C361E-B8F4-49F5-93CC-72A3FF49C026} = {5F49F7BC-786F-4298-9B8E-A9CB53B452EE}
		{E6D5BF0E-DE92-4D82-A352-EF04B37CB11C} = {038B06B2-DEED-4A22-A903-2F818A0C6730}
		{1FE30EB9-74A9-47F5-A9F6-7B1FAB672D81} = {7D822A18-B590-4A1F-B709-8B2E6AEB3542}
		{91853F21-9CD9-4132-BC29-A7D5D84FFFE7} = {7D822A18-B590-4A1F-B709-8B2E6AEB3542}
		{E512F4D9-9375-480F-A2F6-A46509F9D824} = {E7D437C3-5389-421F-91B8-1A3069CDC378}
		{EF480016-9127-4916-8735-D2466BDBC582} = {7D822A18-B590-4A1F-B709-8B2E6AEB3542}
		{AA94D832-1CCC-4715-95A9-A483F23A1A5D} = {85ECFC83-2192-4695-A65B-9FB214DBAF8E}
		{A303520A-1E2F-46B9-80D6-CE16123D03BA} = {CA9AC87F-097E-4F15-8393-4BC07735A5B0}
		{F7429F75-9B17-477A-827B-B974CEF9CA8E} = {CA9AC87F-097E-4F15-8393-4BC07735A5B0}
		{3410768B-815F-48C9-8893-6709596DCD0C} = {F7429F75-9B17-477A-827B-B974CEF9CA8E}
		{85ECFC83-2192-4695-A65B-9FB214DBAF8E} = {F7429F75-9B17-477A-827B-B974CEF9CA8E}
		{038B06B2-DEED-4A22-A903-2F818A0C6730} = {CA9AC87F-097E-4F15-8393-4BC07735A5B0}
		{5F49F7BC-786F-4298-9B8E-A9CB53B452EE} = {CA9AC87F-097E-4F15-8393-4BC07735A5B0}
		{4A28ABE2-1E9C-4D6B-916F-9400598605D5} = {A303520A-1E2F-46B9-80D6-CE16123D03BA}
		{819967CD-A73F-4F0D-8CBA-4C7D97AF8200} = {A303520A-1E2F-46B9-80D6-CE16123D03BA}
		{709AA6B1-D890-40A5-BC01-0B949D8D3ACD} = {A303520A-1E2F-46B9-80D6-CE16123D03BA}
		{BE99250C-632E-4A42-BE13-8AB5F7B14240} = {A303520A-1E2F-46B9-80D6-CE16123D03BA}
		{124B78E1-270A-402C-962F-39AB6E78E674} = {A303520A-1E2F-46B9-80D6-CE16123D03BA}
		{E7D437C3-5389-421F-91B8-1A3069CDC378} = {04DBDB01-70F4-4E06-B468-8F87850B22BE}
		{0A84AF98-D90B-4751-86C0-0A1380986955} = {04DBDB01-70F4-4E06-B468-8F87850B22BE}
		{49B6CFF2-EC27-4B67-9330-9A5DDD8B323D} = {0A84AF98-D90B-4751-86C0-0A1380986955}
		{CECDE9E6-DB77-4C77-AC3C-5FC32B183B62} = {0A84AF98-D90B-4751-86C0-0A1380986955}
		{7D822A18-B590-4A1F-B709-8B2E6AEB3542} = {04DBDB01-70F4-4E06-B468-8F87850B22BE}
	EndGlobalSection
	GlobalSection(ExtensibilityGlobals) = postSolution
		SolutionGuid = {28315BFD-90E7-4E14-A2EA-F3D23AF4126F}
	EndGlobalSection
EndGlobal
